// !$*UTF8*$!
{
	archiveVersion = 1;
	classes = {
	};
	objectVersion = 55;
	objects = {

/* Begin PBXBuildFile section */
		BC05599D289836C100D2F002 /* CardUpdate.swift in Sources */ = {isa = PBXBuildFile; fileRef = BC05599C289836C100D2F002 /* CardUpdate.swift */; };
		BC4D7FDA288579B700C5EC63 /* CardStackApp.swift in Sources */ = {isa = PBXBuildFile; fileRef = BC4D7FD9288579B700C5EC63 /* CardStackApp.swift */; };
		BC4D7FDC288579B700C5EC63 /* ContentView.swift in Sources */ = {isa = PBXBuildFile; fileRef = BC4D7FDB288579B700C5EC63 /* ContentView.swift */; };
		BC4D7FDE288579B900C5EC63 /* Assets.xcassets in Resources */ = {isa = PBXBuildFile; fileRef = BC4D7FDD288579B900C5EC63 /* Assets.xcassets */; };
		BC4D7FE1288579B900C5EC63 /* Preview Assets.xcassets in Resources */ = {isa = PBXBuildFile; fileRef = BC4D7FE0288579B900C5EC63 /* Preview Assets.xcassets */; };
		BC4D803F2885BCD700C5EC63 /* StackedCardView.swift in Sources */ = {isa = PBXBuildFile; fileRef = BC4D803E2885BCD700C5EC63 /* StackedCardView.swift */; };
		BC9F7E2A28901D6B002BBA64 /* CardModel.swift in Sources */ = {isa = PBXBuildFile; fileRef = BC9F7E2928901D6B002BBA64 /* CardModel.swift */; };
		BCEACA27288E9D4E005D5BC4 /* AnimationCompletion.swift in Sources */ = {isa = PBXBuildFile; fileRef = BCEACA26288E9D4E005D5BC4 /* AnimationCompletion.swift */; };
		BCEACA2A288EA46E005D5BC4 /* ScreenDimension.swift in Sources */ = {isa = PBXBuildFile; fileRef = BCEACA29288EA46E005D5BC4 /* ScreenDimension.swift */; };
		BCEACA2E288EB504005D5BC4 /* ArrayExt.swift in Sources */ = {isa = PBXBuildFile; fileRef = BCEACA2D288EB504005D5BC4 /* ArrayExt.swift */; };
		BCEACA31288EB726005D5BC4 /* StackController.swift in Sources */ = {isa = PBXBuildFile; fileRef = BCEACA30288EB726005D5BC4 /* StackController.swift */; };
		BCF4C71A2894271000A4A634 /* SwiftUIView.swift in Sources */ = {isa = PBXBuildFile; fileRef = BCF4C7192894271000A4A634 /* SwiftUIView.swift */; };
		BCFA48012892924E00CF4CFB /* CardController.swift in Sources */ = {isa = PBXBuildFile; fileRef = BCFA48002892924E00CF4CFB /* CardController.swift */; };
/* End PBXBuildFile section */

/* Begin PBXFileReference section */
		BC05599C289836C100D2F002 /* CardUpdate.swift */ = {isa = PBXFileReference; lastKnownFileType = sourcecode.swift; path = CardUpdate.swift; sourceTree = "<group>"; };
		BC4D7FD6288579B700C5EC63 /* CardStack.app */ = {isa = PBXFileReference; explicitFileType = wrapper.application; includeInIndex = 0; path = CardStack.app; sourceTree = BUILT_PRODUCTS_DIR; };
		BC4D7FD9288579B700C5EC63 /* CardStackApp.swift */ = {isa = PBXFileReference; fileEncoding = 4; lastKnownFileType = sourcecode.swift; path = CardStackApp.swift; sourceTree = "<group>"; };
		BC4D7FDB288579B700C5EC63 /* ContentView.swift */ = {isa = PBXFileReference; fileEncoding = 4; lastKnownFileType = sourcecode.swift; path = ContentView.swift; sourceTree = "<group>"; };
		BC4D7FDD288579B900C5EC63 /* Assets.xcassets */ = {isa = PBXFileReference; lastKnownFileType = folder.assetcatalog; path = Assets.xcassets; sourceTree = "<group>"; };
		BC4D7FE0288579B900C5EC63 /* Preview Assets.xcassets */ = {isa = PBXFileReference; lastKnownFileType = folder.assetcatalog; path = "Preview Assets.xcassets"; sourceTree = "<group>"; };
		BC4D803E2885BCD700C5EC63 /* StackedCardView.swift */ = {isa = PBXFileReference; lastKnownFileType = sourcecode.swift; path = StackedCardView.swift; sourceTree = "<group>"; };
		BC9F7E2928901D6B002BBA64 /* CardModel.swift */ = {isa = PBXFileReference; lastKnownFileType = sourcecode.swift; path = CardModel.swift; sourceTree = "<group>"; };
		BCEACA26288E9D4E005D5BC4 /* AnimationCompletion.swift */ = {isa = PBXFileReference; lastKnownFileType = sourcecode.swift; path = AnimationCompletion.swift; sourceTree = "<group>"; };
		BCEACA29288EA46E005D5BC4 /* ScreenDimension.swift */ = {isa = PBXFileReference; lastKnownFileType = sourcecode.swift; path = ScreenDimension.swift; sourceTree = "<group>"; };
		BCEACA2D288EB504005D5BC4 /* ArrayExt.swift */ = {isa = PBXFileReference; lastKnownFileType = sourcecode.swift; path = ArrayExt.swift; sourceTree = "<group>"; };
		BCEACA30288EB726005D5BC4 /* StackController.swift */ = {isa = PBXFileReference; lastKnownFileType = sourcecode.swift; path = StackController.swift; sourceTree = "<group>"; };
		BCF4C7192894271000A4A634 /* SwiftUIView.swift */ = {isa = PBXFileReference; lastKnownFileType = sourcecode.swift; path = SwiftUIView.swift; sourceTree = "<group>"; };
		BCFA48002892924E00CF4CFB /* CardController.swift */ = {isa = PBXFileReference; lastKnownFileType = sourcecode.swift; path = CardController.swift; sourceTree = "<group>"; };
/* End PBXFileReference section */

/* Begin PBXFrameworksBuildPhase section */
		BC4D7FD3288579B700C5EC63 /* Frameworks */ = {
			isa = PBXFrameworksBuildPhase;
			buildActionMask = 2147483647;
			files = (
			);
			runOnlyForDeploymentPostprocessing = 0;
		};
/* End PBXFrameworksBuildPhase section */

/* Begin PBXGroup section */
		BC4CEE9A289ACF2E004DAD1C /* Stacked */ = {
			isa = PBXGroup;
			children = (
				BC4CEE9F289ACF51004DAD1C /* Model */,
				BC4CEE9E289ACF4C004DAD1C /* ViewModel */,
				BC4CEE9D289ACF4A004DAD1C /* View */,
				BC4CEE9C289ACF46004DAD1C /* Modifier */,
				BC4CEE9B289ACF3C004DAD1C /* Extension */,
			);
			path = Stacked;
			sourceTree = "<group>";
		};
		BC4CEE9B289ACF3C004DAD1C /* Extension */ = {
			isa = PBXGroup;
			children = (
				BCEACA2D288EB504005D5BC4 /* ArrayExt.swift */,
			);
			path = Extension;
			sourceTree = "<group>";
		};
		BC4CEE9C289ACF46004DAD1C /* Modifier */ = {
			isa = PBXGroup;
			children = (
				BCEACA26288E9D4E005D5BC4 /* AnimationCompletion.swift */,
			);
			path = Modifier;
			sourceTree = "<group>";
		};
		BC4CEE9D289ACF4A004DAD1C /* View */ = {
			isa = PBXGroup;
			children = (
				BC4D803E2885BCD700C5EC63 /* StackedCardView.swift */,
			);
			path = View;
			sourceTree = "<group>";
		};
		BC4CEE9E289ACF4C004DAD1C /* ViewModel */ = {
			isa = PBXGroup;
			children = (
				BCEACA30288EB726005D5BC4 /* StackController.swift */,
				BCFA48002892924E00CF4CFB /* CardController.swift */,
			);
			path = ViewModel;
			sourceTree = "<group>";
		};
		BC4CEE9F289ACF51004DAD1C /* Model */ = {
			isa = PBXGroup;
			children = (
				BC9F7E2928901D6B002BBA64 /* CardModel.swift */,
				BC05599C289836C100D2F002 /* CardUpdate.swift */,
			);
			path = Model;
			sourceTree = "<group>";
		};
		BC4D7FCD288579B700C5EC63 = {
			isa = PBXGroup;
			children = (
				BC4D7FD8288579B700C5EC63 /* CardStack */,
				BC4D7FD7288579B700C5EC63 /* Products */,
			);
			sourceTree = "<group>";
		};
		BC4D7FD7288579B700C5EC63 /* Products */ = {
			isa = PBXGroup;
			children = (
				BC4D7FD6288579B700C5EC63 /* CardStack.app */,
			);
			name = Products;
			sourceTree = "<group>";
		};
		BC4D7FD8288579B700C5EC63 /* CardStack */ = {
			isa = PBXGroup;
			children = (
				BCEACA28288EA462005D5BC4 /* Utlis */,
				BCEACA2F288EB6F4005D5BC4 /* MainScreens */,
				BC4CEE9A289ACF2E004DAD1C /* Stacked */,
				BC4D7FDD288579B900C5EC63 /* Assets.xcassets */,
				BC4D7FDF288579B900C5EC63 /* Preview Content */,
			);
			path = CardStack;
			sourceTree = "<group>";
		};
		BC4D7FDF288579B900C5EC63 /* Preview Content */ = {
			isa = PBXGroup;
			children = (
				BC4D7FE0288579B900C5EC63 /* Preview Assets.xcassets */,
			);
			path = "Preview Content";
			sourceTree = "<group>";
		};
		BCEACA28288EA462005D5BC4 /* Utlis */ = {
			isa = PBXGroup;
			children = (
				BCEACA29288EA46E005D5BC4 /* ScreenDimension.swift */,
			);
			name = Utlis;
			sourceTree = "<group>";
		};
		BCEACA2F288EB6F4005D5BC4 /* MainScreens */ = {
			isa = PBXGroup;
			children = (
				BC4D7FDB288579B700C5EC63 /* ContentView.swift */,
				BC4D7FD9288579B700C5EC63 /* CardStackApp.swift */,
				BCF4C7192894271000A4A634 /* SwiftUIView.swift */,
			);
			name = MainScreens;
			sourceTree = "<group>";
		};
/* End PBXGroup section */

/* Begin PBXNativeTarget section */
		BC4D7FD5288579B700C5EC63 /* CardStack */ = {
			isa = PBXNativeTarget;
			buildConfigurationList = BC4D7FE4288579B900C5EC63 /* Build configuration list for PBXNativeTarget "CardStack" */;
			buildPhases = (
				BC4D7FD2288579B700C5EC63 /* Sources */,
				BC4D7FD3288579B700C5EC63 /* Frameworks */,
				BC4D7FD4288579B700C5EC63 /* Resources */,
			);
			buildRules = (
			);
			dependencies = (
			);
			name = CardStack;
			productName = CardStack;
			productReference = BC4D7FD6288579B700C5EC63 /* CardStack.app */;
			productType = "com.apple.product-type.application";
		};
/* End PBXNativeTarget section */

/* Begin PBXProject section */
		BC4D7FCE288579B700C5EC63 /* Project object */ = {
			isa = PBXProject;
			attributes = {
				BuildIndependentTargetsInParallel = 1;
				LastSwiftUpdateCheck = 1330;
				LastUpgradeCheck = 1330;
				TargetAttributes = {
					BC4D7FD5288579B700C5EC63 = {
						CreatedOnToolsVersion = 13.3.1;
					};
				};
			};
			buildConfigurationList = BC4D7FD1288579B700C5EC63 /* Build configuration list for PBXProject "CardStack" */;
			compatibilityVersion = "Xcode 13.0";
			developmentRegion = en;
			hasScannedForEncodings = 0;
			knownRegions = (
				en,
				Base,
			);
			mainGroup = BC4D7FCD288579B700C5EC63;
			productRefGroup = BC4D7FD7288579B700C5EC63 /* Products */;
			projectDirPath = "";
			projectRoot = "";
			targets = (
				BC4D7FD5288579B700C5EC63 /* CardStack */,
			);
		};
/* End PBXProject section */

/* Begin PBXResourcesBuildPhase section */
		BC4D7FD4288579B700C5EC63 /* Resources */ = {
			isa = PBXResourcesBuildPhase;
			buildActionMask = 2147483647;
			files = (
				BC4D7FE1288579B900C5EC63 /* Preview Assets.xcassets in Resources */,
				BC4D7FDE288579B900C5EC63 /* Assets.xcassets in Resources */,
			);
			runOnlyForDeploymentPostprocessing = 0;
		};
/* End PBXResourcesBuildPhase section */

/* Begin PBXSourcesBuildPhase section */
		BC4D7FD2288579B700C5EC63 /* Sources */ = {
			isa = PBXSourcesBuildPhase;
			buildActionMask = 2147483647;
			files = (
				BC4D803F2885BCD700C5EC63 /* StackedCardView.swift in Sources */,
				BC4D7FDC288579B700C5EC63 /* ContentView.swift in Sources */,
				BCEACA31288EB726005D5BC4 /* StackController.swift in Sources */,
				BCEACA2A288EA46E005D5BC4 /* ScreenDimension.swift in Sources */,
				BCF4C71A2894271000A4A634 /* SwiftUIView.swift in Sources */,
				BCEACA27288E9D4E005D5BC4 /* AnimationCompletion.swift in Sources */,
				BC9F7E2A28901D6B002BBA64 /* CardModel.swift in Sources */,
				BCEACA2E288EB504005D5BC4 /* ArrayExt.swift in Sources */,
				BCFA48012892924E00CF4CFB /* CardController.swift in Sources */,
				BC05599D289836C100D2F002 /* CardUpdate.swift in Sources */,
				BC4D7FDA288579B700C5EC63 /* CardStackApp.swift in Sources */,
			);
			runOnlyForDeploymentPostprocessing = 0;
		};
/* End PBXSourcesBuildPhase section */

/* Begin XCBuildConfiguration section */
		BC4D7FE2288579B900C5EC63 /* Debug */ = {
			isa = XCBuildConfiguration;
			buildSettings = {
				ALWAYS_SEARCH_USER_PATHS = NO;
				CLANG_ANALYZER_NONNULL = YES;
				CLANG_ANALYZER_NUMBER_OBJECT_CONVERSION = YES_AGGRESSIVE;
				CLANG_CXX_LANGUAGE_STANDARD = "gnu++17";
				CLANG_ENABLE_MODULES = YES;
				CLANG_ENABLE_OBJC_ARC = YES;
				CLANG_ENABLE_OBJC_WEAK = YES;
				CLANG_WARN_BLOCK_CAPTURE_AUTORELEASING = YES;
				CLANG_WARN_BOOL_CONVERSION = YES;
				CLANG_WARN_COMMA = YES;
				CLANG_WARN_CONSTANT_CONVERSION = YES;
				CLANG_WARN_DEPRECATED_OBJC_IMPLEMENTATIONS = YES;
				CLANG_WARN_DIRECT_OBJC_ISA_USAGE = YES_ERROR;
				CLANG_WARN_DOCUMENTATION_COMMENTS = YES;
				CLANG_WARN_EMPTY_BODY = YES;
				CLANG_WARN_ENUM_CONVERSION = YES;
				CLANG_WARN_INFINITE_RECURSION = YES;
				CLANG_WARN_INT_CONVERSION = YES;
				CLANG_WARN_NON_LITERAL_NULL_CONVERSION = YES;
				CLANG_WARN_OBJC_IMPLICIT_RETAIN_SELF = YES;
				CLANG_WARN_OBJC_LITERAL_CONVERSION = YES;
				CLANG_WARN_OBJC_ROOT_CLASS = YES_ERROR;
				CLANG_WARN_QUOTED_INCLUDE_IN_FRAMEWORK_HEADER = YES;
				CLANG_WARN_RANGE_LOOP_ANALYSIS = YES;
				CLANG_WARN_STRICT_PROTOTYPES = YES;
				CLANG_WARN_SUSPICIOUS_MOVE = YES;
				CLANG_WARN_UNGUARDED_AVAILABILITY = YES_AGGRESSIVE;
				CLANG_WARN_UNREACHABLE_CODE = YES;
				CLANG_WARN__DUPLICATE_METHOD_MATCH = YES;
				COPY_PHASE_STRIP = NO;
				DEBUG_INFORMATION_FORMAT = dwarf;
				ENABLE_STRICT_OBJC_MSGSEND = YES;
				ENABLE_TESTABILITY = YES;
				GCC_C_LANGUAGE_STANDARD = gnu11;
				GCC_DYNAMIC_NO_PIC = NO;
				GCC_NO_COMMON_BLOCKS = YES;
				GCC_OPTIMIZATION_LEVEL = 0;
				GCC_PREPROCESSOR_DEFINITIONS = (
					"DEBUG=1",
					"$(inherited)",
				);
				GCC_WARN_64_TO_32_BIT_CONVERSION = YES;
				GCC_WARN_ABOUT_RETURN_TYPE = YES_ERROR;
				GCC_WARN_UNDECLARED_SELECTOR = YES;
				GCC_WARN_UNINITIALIZED_AUTOS = YES_AGGRESSIVE;
				GCC_WARN_UNUSED_FUNCTION = YES;
				GCC_WARN_UNUSED_VARIABLE = YES;
				IPHONEOS_DEPLOYMENT_TARGET = 15.4;
				MTL_ENABLE_DEBUG_INFO = INCLUDE_SOURCE;
				MTL_FAST_MATH = YES;
				ONLY_ACTIVE_ARCH = YES;
				SDKROOT = iphoneos;
				SWIFT_ACTIVE_COMPILATION_CONDITIONS = DEBUG;
				SWIFT_OPTIMIZATION_LEVEL = "-Onone";
			};
			name = Debug;
		};
		BC4D7FE3288579B900C5EC63 /* Release */ = {
			isa = XCBuildConfiguration;
			buildSettings = {
				ALWAYS_SEARCH_USER_PATHS = NO;
				CLANG_ANALYZER_NONNULL = YES;
				CLANG_ANALYZER_NUMBER_OBJECT_CONVERSION = YES_AGGRESSIVE;
				CLANG_CXX_LANGUAGE_STANDARD = "gnu++17";
				CLANG_ENABLE_MODULES = YES;
				CLANG_ENABLE_OBJC_ARC = YES;
				CLANG_ENABLE_OBJC_WEAK = YES;
				CLANG_WARN_BLOCK_CAPTURE_AUTORELEASING = YES;
				CLANG_WARN_BOOL_CONVERSION = YES;
				CLANG_WARN_COMMA = YES;
				CLANG_WARN_CONSTANT_CONVERSION = YES;
				CLANG_WARN_DEPRECATED_OBJC_IMPLEMENTATIONS = YES;
				CLANG_WARN_DIRECT_OBJC_ISA_USAGE = YES_ERROR;
				CLANG_WARN_DOCUMENTATION_COMMENTS = YES;
				CLANG_WARN_EMPTY_BODY = YES;
				CLANG_WARN_ENUM_CONVERSION = YES;
				CLANG_WARN_INFINITE_RECURSION = YES;
				CLANG_WARN_INT_CONVERSION = YES;
				CLANG_WARN_NON_LITERAL_NULL_CONVERSION = YES;
				CLANG_WARN_OBJC_IMPLICIT_RETAIN_SELF = YES;
				CLANG_WARN_OBJC_LITERAL_CONVERSION = YES;
				CLANG_WARN_OBJC_ROOT_CLASS = YES_ERROR;
				CLANG_WARN_QUOTED_INCLUDE_IN_FRAMEWORK_HEADER = YES;
				CLANG_WARN_RANGE_LOOP_ANALYSIS = YES;
				CLANG_WARN_STRICT_PROTOTYPES = YES;
				CLANG_WARN_SUSPICIOUS_MOVE = YES;
				CLANG_WARN_UNGUARDED_AVAILABILITY = YES_AGGRESSIVE;
				CLANG_WARN_UNREACHABLE_CODE = YES;
				CLANG_WARN__DUPLICATE_METHOD_MATCH = YES;
				COPY_PHASE_STRIP = NO;
				DEBUG_INFORMATION_FORMAT = "dwarf-with-dsym";
				ENABLE_NS_ASSERTIONS = NO;
				ENABLE_STRICT_OBJC_MSGSEND = YES;
				GCC_C_LANGUAGE_STANDARD = gnu11;
				GCC_NO_COMMON_BLOCKS = YES;
				GCC_WARN_64_TO_32_BIT_CONVERSION = YES;
				GCC_WARN_ABOUT_RETURN_TYPE = YES_ERROR;
				GCC_WARN_UNDECLARED_SELECTOR = YES;
				GCC_WARN_UNINITIALIZED_AUTOS = YES_AGGRESSIVE;
				GCC_WARN_UNUSED_FUNCTION = YES;
				GCC_WARN_UNUSED_VARIABLE = YES;
				IPHONEOS_DEPLOYMENT_TARGET = 15.4;
				MTL_ENABLE_DEBUG_INFO = NO;
				MTL_FAST_MATH = YES;
				SDKROOT = iphoneos;
				SWIFT_COMPILATION_MODE = wholemodule;
				SWIFT_OPTIMIZATION_LEVEL = "-O";
				VALIDATE_PRODUCT = YES;
			};
			name = Release;
		};
		BC4D7FE5288579B900C5EC63 /* Debug */ = {
			isa = XCBuildConfiguration;
			buildSettings = {
				ASSETCATALOG_COMPILER_APPICON_NAME = AppIcon;
				ASSETCATALOG_COMPILER_GLOBAL_ACCENT_COLOR_NAME = AccentColor;
				CODE_SIGN_STYLE = Automatic;
				CURRENT_PROJECT_VERSION = 1;
				DEVELOPMENT_ASSET_PATHS = "\"CardStack/Preview Content\"";
				ENABLE_PREVIEWS = YES;
				GENERATE_INFOPLIST_FILE = YES;
				INFOPLIST_KEY_UIApplicationSceneManifest_Generation = YES;
				INFOPLIST_KEY_UIApplicationSupportsIndirectInputEvents = YES;
				INFOPLIST_KEY_UILaunchScreen_Generation = YES;
				INFOPLIST_KEY_UISupportedInterfaceOrientations_iPad = "UIInterfaceOrientationPortrait UIInterfaceOrientationPortraitUpsideDown UIInterfaceOrientationLandscapeLeft UIInterfaceOrientationLandscapeRight";
				INFOPLIST_KEY_UISupportedInterfaceOrientations_iPhone = "UIInterfaceOrientationPortrait UIInterfaceOrientationLandscapeLeft UIInterfaceOrientationLandscapeRight";
				LD_RUNPATH_SEARCH_PATHS = (
					"$(inherited)",
					"@executable_path/Frameworks",
				);
				MARKETING_VERSION = 1.0;
				PRODUCT_BUNDLE_IDENTIFIER = hitarth.CardStack;
				PRODUCT_NAME = "$(TARGET_NAME)";
				SWIFT_EMIT_LOC_STRINGS = YES;
				SWIFT_VERSION = 5.0;
				TARGETED_DEVICE_FAMILY = "1,2";
			};
			name = Debug;
		};
		BC4D7FE6288579B900C5EC63 /* Release */ = {
			isa = XCBuildConfiguration;
			buildSettings = {
				ASSETCATALOG_COMPILER_APPICON_NAME = AppIcon;
				ASSETCATALOG_COMPILER_GLOBAL_ACCENT_COLOR_NAME = AccentColor;
				CODE_SIGN_STYLE = Automatic;
				CURRENT_PROJECT_VERSION = 1;
				DEVELOPMENT_ASSET_PATHS = "\"CardStack/Preview Content\"";
				ENABLE_PREVIEWS = YES;
				GENERATE_INFOPLIST_FILE = YES;
				INFOPLIST_KEY_UIApplicationSceneManifest_Generation = YES;
				INFOPLIST_KEY_UIApplicationSupportsIndirectInputEvents = YES;
				INFOPLIST_KEY_UILaunchScreen_Generation = YES;
				INFOPLIST_KEY_UISupportedInterfaceOrientations_iPad = "UIInterfaceOrientationPortrait UIInterfaceOrientationPortraitUpsideDown UIInterfaceOrientationLandscapeLeft UIInterfaceOrientationLandscapeRight";
				INFOPLIST_KEY_UISupportedInterfaceOrientations_iPhone = "UIInterfaceOrientationPortrait UIInterfaceOrientationLandscapeLeft UIInterfaceOrientationLandscapeRight";
				LD_RUNPATH_SEARCH_PATHS = (
					"$(inherited)",
					"@executable_path/Frameworks",
				);
				MARKETING_VERSION = 1.0;
				PRODUCT_BUNDLE_IDENTIFIER = hitarth.CardStack;
				PRODUCT_NAME = "$(TARGET_NAME)";
				SWIFT_EMIT_LOC_STRINGS = YES;
				SWIFT_VERSION = 5.0;
				TARGETED_DEVICE_FAMILY = "1,2";
			};
			name = Release;
		};
/* End XCBuildConfiguration section */

/* Begin XCConfigurationList section */
		BC4D7FD1288579B700C5EC63 /* Build configuration list for PBXProject "CardStack" */ = {
			isa = XCConfigurationList;
			buildConfigurations = (
				BC4D7FE2288579B900C5EC63 /* Debug */,
				BC4D7FE3288579B900C5EC63 /* Release */,
			);
			defaultConfigurationIsVisible = 0;
			defaultConfigurationName = Release;
		};
		BC4D7FE4288579B900C5EC63 /* Build configuration list for PBXNativeTarget "CardStack" */ = {
			isa = XCConfigurationList;
			buildConfigurations = (
				BC4D7FE5288579B900C5EC63 /* Debug */,
				BC4D7FE6288579B900C5EC63 /* Release */,
			);
			defaultConfigurationIsVisible = 0;
			defaultConfigurationName = Release;
		};
/* End XCConfigurationList section */
	};
	rootObject = BC4D7FCE288579B700C5EC63 /* Project object */;
}
